
Microsoft Visual Studio Solution File, Format Version 12.00
# Visual Studio Version 17
VisualStudioVersion = 17.5.33414.496
MinimumVisualStudioVersion = 10.0.40219.1
Project("{FAE04EC0-301F-11D3-BF4B-00C04F79EFBC}") = "CrossCorrelation.Console", "CrossCorrelation.Console\CrossCorrelation.Console.csproj", "{5997B6C9-697A-4483-A267-91D0ECBB22A4}"
EndProject
Project("{F2A71F9B-5D33-465A-A702-920D77279786}") = "CrossCorrelation", "CrossCorrelation\CrossCorrelation.fsproj", "{FC297D39-0DB1-437B-B318-BC7838F01DC9}"
EndProject
Global
	GlobalSection(SolutionConfigurationPlatforms) = preSolution
		Debug|Any CPU = Debug|Any CPU
		Release|Any CPU = Release|Any CPU
	EndGlobalSection
	GlobalSection(ProjectConfigurationPlatforms) = postSolution
		{5997B6C9-697A-4483-A267-91D0ECBB22A4}.Debug|Any CPU.ActiveCfg = Debug|Any CPU
		{5997B6C9-697A-4483-A267-91D0ECBB22A4}.Debug|Any CPU.Build.0 = Debug|Any CPU
		{5997B6C9-697A-4483-A267-91D0ECBB22A4}.Release|Any CPU.ActiveCfg = Release|Any CPU
		{5997B6C9-697A-4483-A267-91D0ECBB22A4}.Release|Any CPU.Build.0 = Release|Any CPU
		{FC297D39-0DB1-437B-B318-BC7838F01DC9}.Debug|Any CPU.ActiveCfg = Debug|Any CPU
		{FC297D39-0DB1-437B-B318-BC7838F01DC9}.Debug|Any CPU.Build.0 = Debug|Any CPU
		{FC297D39-0DB1-437B-B318-BC7838F01DC9}.Release|Any CPU.ActiveCfg = Release|Any CPU
		{FC297D39-0DB1-437B-B318-BC7838F01DC9}.Release|Any CPU.Build.0 = Release|Any CPU
	EndGlobalSection
	GlobalSection(SolutionProperties) = preSolution
		HideSolutionNode = FALSE
	EndGlobalSection
	GlobalSection(ExtensibilityGlobals) = postSolution
		SolutionGuid = {30DF80F8-5756-4F5E-925B-D194564BE440}
	EndGlobalSection
EndGlobal
